{
  "version": 4,
  "terraform_version": "1.1.7",
  "serial": 11,
  "lineage": "4077f8b5-e0bb-d764-af73-496b2cc0bb5f",
  "outputs": {},
  "resources": [
    {
      "mode": "managed",
      "type": "google_bigquery_dataset",
      "name": "dataset",
      "provider": "provider[\"registry.terraform.io/hashicorp/google\"]",
      "instances": [
        {
          "schema_version": 0,
          "attributes": {
            "access": [
              {
                "domain": "",
                "group_by_email": "",
                "role": "OWNER",
                "special_group": "",
                "user_by_email": "service-account-22-03-22@fanni-kiss-sandbox.iam.gserviceaccount.com",
                "view": []
              },
              {
                "domain": "",
                "group_by_email": "",
                "role": "OWNER",
                "special_group": "projectOwners",
                "user_by_email": "",
                "view": []
              },
              {
                "domain": "",
                "group_by_email": "",
                "role": "READER",
                "special_group": "projectReaders",
                "user_by_email": "",
                "view": []
              },
              {
                "domain": "",
                "group_by_email": "",
                "role": "WRITER",
                "special_group": "projectWriters",
                "user_by_email": "",
                "view": []
              }
            ],
            "creation_time": -96092104,
            "dataset_id": "example_dataset",
            "default_encryption_configuration": [],
            "default_partition_expiration_ms": 0,
            "default_table_expiration_ms": 0,
            "delete_contents_on_destroy": false,
            "description": "",
            "etag": "TvOO0lGdsjCp9GLAZYqspQ==",
            "friendly_name": "",
            "id": "projects/fanni-kiss-sandbox/datasets/example_dataset",
            "labels": {},
            "last_modified_time": -96092104,
            "location": "US",
            "project": "fanni-kiss-sandbox",
            "self_link": "https://www.googleapis.com/bigquery/v2/projects/fanni-kiss-sandbox/datasets/example_dataset",
            "timeouts": null
          },
          "sensitive_attributes": [],
          "private": "eyJlMmJmYjczMC1lY2FhLTExZTYtOGY4OC0zNDM2M2JjN2M0YzAiOnsiY3JlYXRlIjoyNDAwMDAwMDAwMDAsImRlbGV0ZSI6MjQwMDAwMDAwMDAwLCJ1cGRhdGUiOjI0MDAwMDAwMDAwMH19"
        }
      ]
    },
    {
      "mode": "managed",
      "type": "google_bigquery_table",
      "name": "default",
      "provider": "provider[\"registry.terraform.io/hashicorp/google\"]",
      "instances": [
        {
          "schema_version": 0,
          "attributes": {
            "clustering": null,
            "creation_time": -93802795,
            "dataset_id": "example_dataset",
            "description": "",
            "encryption_configuration": [],
            "etag": "vBBpCaN15vDzbca6r6O0pQ==",
            "expiration_time": 0,
            "external_data_configuration": [],
            "friendly_name": "",
            "id": "projects/fanni-kiss-sandbox/datasets/example_dataset/tables/bar",
            "labels": {
              "env": "default"
            },
            "last_modified_time": -93802704,
            "location": "US",
            "num_bytes": 0,
            "num_long_term_bytes": 0,
            "num_rows": 0,
            "project": "fanni-kiss-sandbox",
            "schema": "[{\"description\":\"The Permalink\",\"mode\":\"NULLABLE\",\"name\":\"permalink\",\"type\":\"STRING\"},{\"description\":\"State where the head office is located\",\"mode\":\"NULLABLE\",\"name\":\"state\",\"type\":\"STRING\"}]",
            "self_link": "https://www.googleapis.com/bigquery/v2/projects/fanni-kiss-sandbox/datasets/example_dataset/tables/bar",
            "table_id": "bar",
            "time_partitioning": [
              {
                "expiration_ms": 0,
                "field": "",
                "require_partition_filter": false,
                "type": "DAY"
              }
            ],
            "type": "TABLE",
            "view": []
          },
          "sensitive_attributes": [],
          "private": "bnVsbA=="
        }
      ]
    },
    {
      "mode": "managed",
      "type": "google_bigquery_table",
      "name": "test",
      "provider": "provider[\"registry.terraform.io/hashicorp/google\"]",
      "instances": [
        {
          "schema_version": 0,
          "attributes": {
            "clustering": null,
            "creation_time": -93624989,
            "dataset_id": "example_dataset",
            "description": "",
            "encryption_configuration": [],
            "etag": "xUp9TREu8WL/DnGtC8eUfQ==",
            "expiration_time": 0,
            "external_data_configuration": [],
            "friendly_name": "",
            "id": "projects/fanni-kiss-sandbox/datasets/example_dataset/tables/foo",
            "labels": null,
            "last_modified_time": -93624890,
            "location": "US",
            "num_bytes": 0,
            "num_long_term_bytes": 0,
            "num_rows": 0,
            "project": "fanni-kiss-sandbox",
            "schema": null,
            "self_link": "https://www.googleapis.com/bigquery/v2/projects/fanni-kiss-sandbox/datasets/example_dataset/tables/foo",
            "table_id": "foo",
            "time_partitioning": [],
            "type": "TABLE",
            "view": []
          },
          "sensitive_attributes": [],
          "private": "bnVsbA=="
        }
      ]
    },
    {
      "mode": "managed",
      "type": "google_service_account",
      "name": "bqowner",
      "provider": "provider[\"registry.terraform.io/hashicorp/google\"]",
      "instances": [
        {
          "schema_version": 0,
          "attributes": {
            "account_id": "bqowner",
            "description": "",
            "display_name": "",
            "email": "bqowner@fanni-kiss-sandbox.iam.gserviceaccount.com",
            "id": "projects/fanni-kiss-sandbox/serviceAccounts/bqowner@fanni-kiss-sandbox.iam.gserviceaccount.com",
            "name": "projects/fanni-kiss-sandbox/serviceAccounts/bqowner@fanni-kiss-sandbox.iam.gserviceaccount.com",
            "project": "fanni-kiss-sandbox",
            "unique_id": "117932268253569097826"
          },
          "sensitive_attributes": [],
          "private": "bnVsbA=="
        }
      ]
    }
  ]
}
